
Microsoft Visual Studio Solution File, Format Version 12.00
# Visual Studio Version 16
VisualStudioVersion = 16.0.30804.86
MinimumVisualStudioVersion = 10.0.40219.1
Project("{FAE04EC0-301F-11D3-BF4B-00C04F79EFBC}") = "ProductApp", "ProductApp\ProductApp.csproj", "{3AA2BC15-AABA-4F2B-8497-71B17CAE998F}"
EndProject
Global
	GlobalSection(SolutionConfigurationPlatforms) = preSolution
		Debug|Any CPU = Debug|Any CPU
		Release|Any CPU = Release|Any CPU
	EndGlobalSection
	GlobalSection(ProjectConfigurationPlatforms) = postSolution
		{3AA2BC15-AABA-4F2B-8497-71B17CAE998F}.Debug|Any CPU.ActiveCfg = Debug|Any CPU
		{3AA2BC15-AABA-4F2B-8497-71B17CAE998F}.Debug|Any CPU.Build.0 = Debug|Any CPU
		{3AA2BC15-AABA-4F2B-8497-71B17CAE998F}.Release|Any CPU.ActiveCfg = Release|Any CPU
		{3AA2BC15-AABA-4F2B-8497-71B17CAE998F}.Release|Any CPU.Build.0 = Release|Any CPU
	EndGlobalSection
	GlobalSection(SolutionProperties) = preSolution
		HideSolutionNode = FALSE
	EndGlobalSection
	GlobalSection(ExtensibilityGlobals) = postSolution
		SolutionGuid = {44C7DB01-A731-41B5-B5D5-B52EBCC01ABD}
	EndGlobalSection
EndGlobal
