
Microsoft Visual Studio Solution File, Format Version 12.00
# Visual Studio Version 17
VisualStudioVersion = 17.4.33110.190
MinimumVisualStudioVersion = 10.0.40219.1
Project("{FAE04EC0-301F-11D3-BF4B-00C04F79EFBC}") = "ProductApp", "ProductApp\ProductApp.csproj", "{3AA2BC15-AABA-4F2B-8497-71B17CAE998F}"
EndProject
Project("{9A19103F-16F7-4668-BE54-9A1E7A4F7556}") = "Domain", "Domain\Domain.csproj", "{7E99A483-B63E-407D-B006-A99C3ED5D98B}"
EndProject
Project("{9A19103F-16F7-4668-BE54-9A1E7A4F7556}") = "Application", "Application\Application.csproj", "{E60A548B-FB58-4D59-9F5C-4B5A52C052BD}"
EndProject
Project("{FAE04EC0-301F-11D3-BF4B-00C04F79EFBC}") = "InMemoryInfrastructure", "InMemoryInfrastructure\InMemoryInfrastructure.csproj", "{CA4AAC51-95C2-4E08-B429-A42BBB02B17D}"
EndProject
Global
	GlobalSection(SolutionConfigurationPlatforms) = preSolution
		Debug|Any CPU = Debug|Any CPU
		Release|Any CPU = Release|Any CPU
	EndGlobalSection
	GlobalSection(ProjectConfigurationPlatforms) = postSolution
		{3AA2BC15-AABA-4F2B-8497-71B17CAE998F}.Debug|Any CPU.ActiveCfg = Debug|Any CPU
		{3AA2BC15-AABA-4F2B-8497-71B17CAE998F}.Debug|Any CPU.Build.0 = Debug|Any CPU
		{3AA2BC15-AABA-4F2B-8497-71B17CAE998F}.Release|Any CPU.ActiveCfg = Release|Any CPU
		{3AA2BC15-AABA-4F2B-8497-71B17CAE998F}.Release|Any CPU.Build.0 = Release|Any CPU
		{7E99A483-B63E-407D-B006-A99C3ED5D98B}.Debug|Any CPU.ActiveCfg = Debug|Any CPU
		{7E99A483-B63E-407D-B006-A99C3ED5D98B}.Debug|Any CPU.Build.0 = Debug|Any CPU
		{7E99A483-B63E-407D-B006-A99C3ED5D98B}.Release|Any CPU.ActiveCfg = Release|Any CPU
		{7E99A483-B63E-407D-B006-A99C3ED5D98B}.Release|Any CPU.Build.0 = Release|Any CPU
		{E60A548B-FB58-4D59-9F5C-4B5A52C052BD}.Debug|Any CPU.ActiveCfg = Debug|Any CPU
		{E60A548B-FB58-4D59-9F5C-4B5A52C052BD}.Debug|Any CPU.Build.0 = Debug|Any CPU
		{E60A548B-FB58-4D59-9F5C-4B5A52C052BD}.Release|Any CPU.ActiveCfg = Release|Any CPU
		{E60A548B-FB58-4D59-9F5C-4B5A52C052BD}.Release|Any CPU.Build.0 = Release|Any CPU
		{CA4AAC51-95C2-4E08-B429-A42BBB02B17D}.Debug|Any CPU.ActiveCfg = Debug|Any CPU
		{CA4AAC51-95C2-4E08-B429-A42BBB02B17D}.Debug|Any CPU.Build.0 = Debug|Any CPU
		{CA4AAC51-95C2-4E08-B429-A42BBB02B17D}.Release|Any CPU.ActiveCfg = Release|Any CPU
		{CA4AAC51-95C2-4E08-B429-A42BBB02B17D}.Release|Any CPU.Build.0 = Release|Any CPU
	EndGlobalSection
	GlobalSection(SolutionProperties) = preSolution
		HideSolutionNode = FALSE
	EndGlobalSection
	GlobalSection(ExtensibilityGlobals) = postSolution
		SolutionGuid = {44C7DB01-A731-41B5-B5D5-B52EBCC01ABD}
	EndGlobalSection
EndGlobal
